<?xml version="1.0" encoding="UTF-8" standalone="yes" ?>
<CodeBlocks_project_file>
	<FileVersion major="1" minor="6" />
	<Project>
		<Option title="WolpertingerStandalone" />
		<Option pch_mode="2" />
		<Option compiler="gcc" />
		<Build>
			<Target title="Debug">
				<Option output="build/Wolpertinger003-debug" prefix_auto="0" extension_auto="0" />
				<Option object_output="build/Debug/WolpertingerStandalone" />
				<Option type="0" />
				<Option compiler="gcc" />
				<Compiler>
					<Add option="-g" />
					<Add option="-DLINUX=1" />
					<Add option="-DJUCE_USE_XSHM=1" />
					<Add option="-DJUCE_ALSA=1" />
					<Add option="-DJUCE_USE_VSTSDK_2_4=1" />
					<Add option="-DDATE=&quot;`date +%F`&quot;" />
					<Add option="-DVERSION=003" />
					<Add option="-DVERSIONSTRING=&quot;0.3&quot;" />
					<Add option="-DCONFIGURATION=&quot;Debug&quot;" />
					<Add option="-DCONFIG_STANDALONE=1" />
					<Add option="-DBINTYPE=&quot;Linux Standalone&quot;" />
					<Add option="-DDEBUG=1" />
					<Add option="-D_DEBUG=1" />
					<Add option="-ggdb" />
					<Add directory="../juce-git" />
					<Add directory="../vstsdk2.4" />
					<Add directory="src" />
				</Compiler>
				<Linker>
					<Add directory="../juce-git/bin" />
					<Add directory="../../../../usr/X11R6/lib" />
					<Add directory="../../../../usr/lib" />
					<Add library="freetype" />
					<Add library="pthread" />
					<Add library="rt" />
					<Add library="X11" />
					<Add library="Xext" />
					<Add library="asound" />
					<Add library="m" />
					<Add library="png" />
					<Add library="juce_debug" />
				</Linker>
			</Target>
			<Target title="Release">
				<Option output="build/Wolpertinger003" prefix_auto="0" extension_auto="0" />
				<Option object_output="build/Release/WolpertingerStandalone" />
				<Option type="0" />
				<Option compiler="gcc" />
				<Compiler>
					<Add option="-O2" />
					<Add option="-DLINUX=1" />
					<Add option="-DJUCE_USE_XSHM=1" />
					<Add option="-DJUCE_ALSA=1" />
					<Add option="-DJUCE_USE_VSTSDK_2_4=1" />
					<Add option="-DDATE=&quot;`date +%F`&quot;" />
					<Add option="-DVERSION=003" />
					<Add option="-DVERSIONSTRING=&quot;0.3&quot;" />
					<Add option="-DCONFIGURATION=&quot;Release&quot;" />
					<Add option="-DCONFIG_STANDALONE=1" />
					<Add option="-DBINTYPE=&quot;Linux Standalone&quot;" />
					<Add option="-DNDEBUG=1" />
					<Add option="-O2" />
					<Add directory="../juce-git" />
					<Add directory="../vstsdk2.4" />
					<Add directory="src" />
				</Compiler>
				<Linker>
					<Add option="-s" />
					<Add directory="../juce-git/bin" />
					<Add directory="../../../../usr/X11R6/lib" />
					<Add directory="../../../../usr/lib" />
					<Add library="freetype" />
					<Add library="pthread" />
					<Add library="rt" />
					<Add library="X11" />
					<Add library="Xext" />
					<Add library="asound" />
					<Add library="m" />
					<Add library="png" />
					<Add library="juce" />
				</Linker>
			</Target>
		</Build>
		<Unit filename="src/TabbedEditor.cpp">
		</Unit>
		<Unit filename="src/PresetComboBox.cpp">
		</Unit>
		<Unit filename="src/RotatingToggleButton.cpp">
		</Unit>
		<Unit filename="src/synth.cpp">
		</Unit>
		<Unit filename="src/KeyboardButton.cpp">
		</Unit>
		<Unit filename="src/about.cpp">
		</Unit>
		<Unit filename="src/editor.cpp">
		</Unit>
		<Unit filename="src/tabbed-editor.cpp">
		</Unit>
		<Unit filename="src/editor.h">
		</Unit>
		<Unit filename="src/JucePluginCharacteristics.h">
		</Unit>
		<Unit filename="src/PresetComboBox.h">
		</Unit>
		<Unit filename="src/filters.h">
		</Unit>
		<Unit filename="src/juce_PluginHeaders.h">
		</Unit>
		<Unit filename="src/RotatingToggleButton.h">
		</Unit>
		<Unit filename="src/synth.h">
		</Unit>
		<Unit filename="src/about.h">
		</Unit>
		<Unit filename="src/KeyboardButton.h">
		</Unit>
		<Unit filename="src/TabbedEditor.h">
		</Unit>
		<Unit filename="src/tabbed-editor.h">
		</Unit>
		<Unit filename="standalone/wolpMain.cpp">
		</Unit>
		<Extensions />
	</Project>
</CodeBlocks_project_file>

