<?xml version="1.0" encoding="UTF-8" standalone="yes" ?>
<CodeBlocks_project_file>
	<FileVersion major="1" minor="6" />
	<Project>
		<Option title="WolpertingerStandalone" />
		<Option pch_mode="2" />
		<Option compiler="gcc" />
		<Build>
			<Target title="Debug">
				<Option output="build/Wolpertinger004-debug" prefix_auto="0" extension_auto="0" />
				<Option object_output="build/Debug/WolpertingerStandalone" />
				<Option type="1" />
				<Option compiler="gcc" />
				<Option use_console_runner="0" />
				<Compiler>
					<Add option="-g" />
					<Add option="-DLINUX=1" />
					<Add option="-DJUCE_USE_XSHM=1" />
					<Add option="-DJUCE_ALSA=1" />
					<Add option="-DJUCE_USE_VSTSDK_2_4=1" />
					<Add option='-DDATE=&quot;`date +%F`&quot;' />
					<Add option="-DVERSION=004" />
					<Add option='-DVERSIONSTRING=&quot;0.4&quot;' />
					<Add option='-DCONFIGURATION=&quot;Debug&quot;' />
					<Add option="-DJUCE_DEBUG" />
					<Add option="-DCONFIG_STANDALONE=1" />
					<Add option='-DBINTYPE=&quot;Linux Standalone&quot;' />
					<Add option="-DDEBUG=1" />
					<Add option="-D_DEBUG=1" />
					<Add option="-ggdb" />
					<Add directory="../juce-git" />
					<Add directory="../vstsdk2.4" />
					<Add directory="src" />
				</Compiler>
				<Linker>
					<Add library="freetype" />
					<Add library="pthread" />
					<Add library="rt" />
					<Add library="X11" />
					<Add library="Xext" />
					<Add library="asound" />
					<Add library="m" />
					<Add library="GL" />
					<Add library="juce_debug" />
					<Add directory="../juce-git/bin" />
					<Add directory="../../../../usr/X11R6/lib" />
					<Add directory="../../../../usr/lib" />
				</Linker>
			</Target>
			<Target title="Release">
				<Option output="build/Wolpertinger004" prefix_auto="0" extension_auto="0" />
				<Option object_output="build/Release/WolpertingerStandalone" />
				<Option type="1" />
				<Option compiler="gcc" />
				<Option use_console_runner="0" />
				<Compiler>
					<Add option="-O2" />
					<Add option="-DLINUX=1" />
					<Add option="-DJUCE_USE_XSHM=1" />
					<Add option="-DJUCE_ALSA=1" />
					<Add option="-DJUCE_USE_VSTSDK_2_4=1" />
					<Add option='-DDATE=&quot;`date +%F`&quot;' />
					<Add option="-DVERSION=004" />
					<Add option='-DVERSIONSTRING=&quot;0.4&quot;' />
					<Add option='-DCONFIGURATION=&quot;Release&quot;' />
					<Add option="-DCONFIG_STANDALONE=1" />
					<Add option='-DBINTYPE=&quot;Linux Standalone&quot;' />
					<Add option="-DNDEBUG=1" />
					<Add directory="../juce-git" />
					<Add directory="../vstsdk2.4" />
					<Add directory="src" />
				</Compiler>
				<Linker>
					<Add option="-s" />
					<Add library="freetype" />
					<Add library="pthread" />
					<Add library="rt" />
					<Add library="X11" />
					<Add library="Xext" />
					<Add library="asound" />
					<Add library="m" />
					<Add library="GL" />
					<Add library="juce" />
					<Add directory="../juce-git/bin" />
					<Add directory="../../../../usr/X11R6/lib" />
					<Add directory="../../../../usr/lib" />
				</Linker>
			</Target>
		</Build>
		<Unit filename="src/ADSRenv.cpp" />
		<Unit filename="src/ADSRenv.h" />
		<Unit filename="src/JucePluginCharacteristics.h" />
		<Unit filename="src/KeyboardButton.cpp" />
		<Unit filename="src/KeyboardButton.h" />
		<Unit filename="src/PresetComboBox.cpp" />
		<Unit filename="src/PresetComboBox.h" />
		<Unit filename="src/RotatingToggleButton.cpp" />
		<Unit filename="src/RotatingToggleButton.h" />
		<Unit filename="src/about.cpp" />
		<Unit filename="src/about.h" />
		<Unit filename="src/editor.cpp" />
		<Unit filename="src/editor.h" />
		<Unit filename="src/filters.h" />
		<Unit filename="src/juce_PluginHeaders.h" />
		<Unit filename="src/synth.cpp" />
		<Unit filename="src/synth.h" />
		<Unit filename="src/tabbed-editor.cpp" />
		<Unit filename="src/tabbed-editor.h" />
		<Unit filename="standalone/wolpMain.cpp" />
		<Extensions>
			<code_completion />
			<debugger />
		</Extensions>
	</Project>
</CodeBlocks_project_file>
